// !$*UTF8*$!
{
	archiveVersion = 1;
	classes = {
	};
	objectVersion = 46;
	objects = {

/* Begin PBXBuildFile section */
		A58C77351D03AC0F00EFA2B7 /* main.m in Sources */ = {isa = PBXBuildFile; fileRef = A58C77341D03AC0F00EFA2B7 /* main.m */; };
		A58C77381D03AC0F00EFA2B7 /* AppDelegate.m in Sources */ = {isa = PBXBuildFile; fileRef = A58C77371D03AC0F00EFA2B7 /* AppDelegate.m */; };
		A58C773B1D03AC0F00EFA2B7 /* ViewController.m in Sources */ = {isa = PBXBuildFile; fileRef = A58C773A1D03AC0F00EFA2B7 /* ViewController.m */; };
		A58C773E1D03AC0F00EFA2B7 /* Main.storyboard in Resources */ = {isa = PBXBuildFile; fileRef = A58C773C1D03AC0F00EFA2B7 /* Main.storyboard */; };
		A58C77401D03AC0F00EFA2B7 /* Assets.xcassets in Resources */ = {isa = PBXBuildFile; fileRef = A58C773F1D03AC0F00EFA2B7 /* Assets.xcassets */; };
		A58C77431D03AC0F00EFA2B7 /* LaunchScreen.storyboard in Resources */ = {isa = PBXBuildFile; fileRef = A58C77411D03AC0F00EFA2B7 /* LaunchScreen.storyboard */; };
		A58C774E1D03AC0F00EFA2B7 /* Camera_AppTests.m in Sources */ = {isa = PBXBuildFile; fileRef = A58C774D1D03AC0F00EFA2B7 /* Camera_AppTests.m */; };
		A58C77591D03AC0F00EFA2B7 /* Camera_AppUITests.m in Sources */ = {isa = PBXBuildFile; fileRef = A58C77581D03AC0F00EFA2B7 /* Camera_AppUITests.m */; };
/* End PBXBuildFile section */

/* Begin PBXContainerItemProxy section */
		A58C774A1D03AC0F00EFA2B7 /* PBXContainerItemProxy */ = {
			isa = PBXContainerItemProxy;
			containerPortal = A58C77281D03AC0F00EFA2B7 /* Project object */;
			proxyType = 1;
			remoteGlobalIDString = A58C772F1D03AC0F00EFA2B7;
			remoteInfo = "Camera App";
		};
		A58C77551D03AC0F00EFA2B7 /* PBXContainerItemProxy */ = {
			isa = PBXContainerItemProxy;
			containerPortal = A58C77281D03AC0F00EFA2B7 /* Project object */;
			proxyType = 1;
			remoteGlobalIDString = A58C772F1D03AC0F00EFA2B7;
			remoteInfo = "Camera App";
		};
/* End PBXContainerItemProxy section */

/* Begin PBXFileReference section */
		A58C77301D03AC0F00EFA2B7 /* Camera App.app */ = {isa = PBXFileReference; explicitFileType = wrapper.application; includeInIndex = 0; path = "Camera App.app"; sourceTree = BUILT_PRODUCTS_DIR; };
		A58C77341D03AC0F00EFA2B7 /* main.m */ = {isa = PBXFileReference; lastKnownFileType = sourcecode.c.objc; path = main.m; sourceTree = "<group>"; };
		A58C77361D03AC0F00EFA2B7 /* AppDelegate.h */ = {isa = PBXFileReference; lastKnownFileType = sourcecode.c.h; path = AppDelegate.h; sourceTree = "<group>"; };
		A58C77371D03AC0F00EFA2B7 /* AppDelegate.m */ = {isa = PBXFileReference; lastKnownFileType = sourcecode.c.objc; path = AppDelegate.m; sourceTree = "<group>"; };
		A58C77391D03AC0F00EFA2B7 /* ViewController.h */ = {isa = PBXFileReference; lastKnownFileType = sourcecode.c.h; path = ViewController.h; sourceTree = "<group>"; };
		A58C773A1D03AC0F00EFA2B7 /* ViewController.m */ = {isa = PBXFileReference; lastKnownFileType = sourcecode.c.objc; path = ViewController.m; sourceTree = "<group>"; };
		A58C773D1D03AC0F00EFA2B7 /* Base */ = {isa = PBXFileReference; lastKnownFileType = file.storyboard; name = Base; path = Base.lproj/Main.storyboard; sourceTree = "<group>"; };
		A58C773F1D03AC0F00EFA2B7 /* Assets.xcassets */ = {isa = PBXFileReference; lastKnownFileType = folder.assetcatalog; path = Assets.xcassets; sourceTree = "<group>"; };
		A58C77421D03AC0F00EFA2B7 /* Base */ = {isa = PBXFileReference; lastKnownFileType = file.storyboard; name = Base; path = Base.lproj/LaunchScreen.storyboard; sourceTree = "<group>"; };
		A58C77441D03AC0F00EFA2B7 /* Info.plist */ = {isa = PBXFileReference; lastKnownFileType = text.plist.xml; path = Info.plist; sourceTree = "<group>"; };
		A58C77491D03AC0F00EFA2B7 /* Camera AppTests.xctest */ = {isa = PBXFileReference; explicitFileType = wrapper.cfbundle; includeInIndex = 0; path = "Camera AppTests.xctest"; sourceTree = BUILT_PRODUCTS_DIR; };
		A58C774D1D03AC0F00EFA2B7 /* Camera_AppTests.m */ = {isa = PBXFileReference; lastKnownFileType = sourcecode.c.objc; path = Camera_AppTests.m; sourceTree = "<group>"; };
		A58C774F1D03AC0F00EFA2B7 /* Info.plist */ = {isa = PBXFileReference; lastKnownFileType = text.plist.xml; path = Info.plist; sourceTree = "<group>"; };
		A58C77541D03AC0F00EFA2B7 /* Camera AppUITests.xctest */ = {isa = PBXFileReference; explicitFileType = wrapper.cfbundle; includeInIndex = 0; path = "Camera AppUITests.xctest"; sourceTree = BUILT_PRODUCTS_DIR; };
		A58C77581D03AC0F00EFA2B7 /* Camera_AppUITests.m */ = {isa = PBXFileReference; lastKnownFileType = sourcecode.c.objc; path = Camera_AppUITests.m; sourceTree = "<group>"; };
		A58C775A1D03AC0F00EFA2B7 /* Info.plist */ = {isa = PBXFileReference; lastKnownFileType = text.plist.xml; path = Info.plist; sourceTree = "<group>"; };
/* End PBXFileReference section */

/* Begin PBXFrameworksBuildPhase section */
		A58C772D1D03AC0F00EFA2B7 /* Frameworks */ = {
			isa = PBXFrameworksBuildPhase;
			buildActionMask = 2147483647;
			files = (
			);
			runOnlyForDeploymentPostprocessing = 0;
		};
		A58C77461D03AC0F00EFA2B7 /* Frameworks */ = {
			isa = PBXFrameworksBuildPhase;
			buildActionMask = 2147483647;
			files = (
			);
			runOnlyForDeploymentPostprocessing = 0;
		};
		A58C77511D03AC0F00EFA2B7 /* Frameworks */ = {
			isa = PBXFrameworksBuildPhase;
			buildActionMask = 2147483647;
			files = (
			);
			runOnlyForDeploymentPostprocessing = 0;
		};
/* End PBXFrameworksBuildPhase section */

/* Begin PBXGroup section */
		A58C77271D03AC0F00EFA2B7 = {
			isa = PBXGroup;
			children = (
				A58C77321D03AC0F00EFA2B7 /* Camera App */,
				A58C774C1D03AC0F00EFA2B7 /* Camera AppTests */,
				A58C77571D03AC0F00EFA2B7 /* Camera AppUITests */,
				A58C77311D03AC0F00EFA2B7 /* Products */,
			);
			sourceTree = "<group>";
		};
		A58C77311D03AC0F00EFA2B7 /* Products */ = {
			isa = PBXGroup;
			children = (
				A58C77301D03AC0F00EFA2B7 /* Camera App.app */,
				A58C77491D03AC0F00EFA2B7 /* Camera AppTests.xctest */,
				A58C77541D03AC0F00EFA2B7 /* Camera AppUITests.xctest */,
			);
			name = Products;
			sourceTree = "<group>";
		};
		A58C77321D03AC0F00EFA2B7 /* Camera App */ = {
			isa = PBXGroup;
			children = (
				A58C77361D03AC0F00EFA2B7 /* AppDelegate.h */,
				A58C77371D03AC0F00EFA2B7 /* AppDelegate.m */,
				A58C77391D03AC0F00EFA2B7 /* ViewController.h */,
				A58C773A1D03AC0F00EFA2B7 /* ViewController.m */,
				A58C773C1D03AC0F00EFA2B7 /* Main.storyboard */,
				A58C773F1D03AC0F00EFA2B7 /* Assets.xcassets */,
				A58C77411D03AC0F00EFA2B7 /* LaunchScreen.storyboard */,
				A58C77441D03AC0F00EFA2B7 /* Info.plist */,
				A58C77331D03AC0F00EFA2B7 /* Supporting Files */,
			);
			path = "Camera App";
			sourceTree = "<group>";
		};
		A58C77331D03AC0F00EFA2B7 /* Supporting Files */ = {
			isa = PBXGroup;
			children = (
				A58C77341D03AC0F00EFA2B7 /* main.m */,
			);
			name = "Supporting Files";
			sourceTree = "<group>";
		};
		A58C774C1D03AC0F00EFA2B7 /* Camera AppTests */ = {
			isa = PBXGroup;
			children = (
				A58C774D1D03AC0F00EFA2B7 /* Camera_AppTests.m */,
				A58C774F1D03AC0F00EFA2B7 /* Info.plist */,
			);
			path = "Camera AppTests";
			sourceTree = "<group>";
		};
		A58C77571D03AC0F00EFA2B7 /* Camera AppUITests */ = {
			isa = PBXGroup;
			children = (
				A58C77581D03AC0F00EFA2B7 /* Camera_AppUITests.m */,
				A58C775A1D03AC0F00EFA2B7 /* Info.plist */,
			);
			path = "Camera AppUITests";
			sourceTree = "<group>";
		};
/* End PBXGroup section */

/* Begin PBXNativeTarget section */
		A58C772F1D03AC0F00EFA2B7 /* Camera App */ = {
			isa = PBXNativeTarget;
			buildConfigurationList = A58C775D1D03AC0F00EFA2B7 /* Build configuration list for PBXNativeTarget "Camera App" */;
			buildPhases = (
				A58C772C1D03AC0F00EFA2B7 /* Sources */,
				A58C772D1D03AC0F00EFA2B7 /* Frameworks */,
				A58C772E1D03AC0F00EFA2B7 /* Resources */,
			);
			buildRules = (
			);
			dependencies = (
			);
			name = "Camera App";
			productName = "Camera App";
			productReference = A58C77301D03AC0F00EFA2B7 /* Camera App.app */;
			productType = "com.apple.product-type.application";
		};
		A58C77481D03AC0F00EFA2B7 /* Camera AppTests */ = {
			isa = PBXNativeTarget;
			buildConfigurationList = A58C77601D03AC0F00EFA2B7 /* Build configuration list for PBXNativeTarget "Camera AppTests" */;
			buildPhases = (
				A58C77451D03AC0F00EFA2B7 /* Sources */,
				A58C77461D03AC0F00EFA2B7 /* Frameworks */,
				A58C77471D03AC0F00EFA2B7 /* Resources */,
			);
			buildRules = (
			);
			dependencies = (
				A58C774B1D03AC0F00EFA2B7 /* PBXTargetDependency */,
			);
			name = "Camera AppTests";
			productName = "Camera AppTests";
			productReference = A58C77491D03AC0F00EFA2B7 /* Camera AppTests.xctest */;
			productType = "com.apple.product-type.bundle.unit-test";
		};
		A58C77531D03AC0F00EFA2B7 /* Camera AppUITests */ = {
			isa = PBXNativeTarget;
			buildConfigurationList = A58C77631D03AC0F00EFA2B7 /* Build configuration list for PBXNativeTarget "Camera AppUITests" */;
			buildPhases = (
				A58C77501D03AC0F00EFA2B7 /* Sources */,
				A58C77511D03AC0F00EFA2B7 /* Frameworks */,
				A58C77521D03AC0F00EFA2B7 /* Resources */,
			);
			buildRules = (
			);
			dependencies = (
				A58C77561D03AC0F00EFA2B7 /* PBXTargetDependency */,
			);
			name = "Camera AppUITests";
			productName = "Camera AppUITests";
			productReference = A58C77541D03AC0F00EFA2B7 /* Camera AppUITests.xctest */;
			productType = "com.apple.product-type.bundle.ui-testing";
		};
/* End PBXNativeTarget section */

/* Begin PBXProject section */
		A58C77281D03AC0F00EFA2B7 /* Project object */ = {
			isa = PBXProject;
			attributes = {
				LastUpgradeCheck = 0730;
				ORGANIZATIONNAME = "Info Way";
				TargetAttributes = {
					A58C772F1D03AC0F00EFA2B7 = {
						CreatedOnToolsVersion = 7.3.1;
					};
					A58C77481D03AC0F00EFA2B7 = {
						CreatedOnToolsVersion = 7.3.1;
						TestTargetID = A58C772F1D03AC0F00EFA2B7;
					};
					A58C77531D03AC0F00EFA2B7 = {
						CreatedOnToolsVersion = 7.3.1;
						TestTargetID = A58C772F1D03AC0F00EFA2B7;
					};
				};
			};
			buildConfigurationList = A58C772B1D03AC0F00EFA2B7 /* Build configuration list for PBXProject "Camera App" */;
			compatibilityVersion = "Xcode 3.2";
			developmentRegion = English;
			hasScannedForEncodings = 0;
			knownRegions = (
				en,
				Base,
			);
			mainGroup = A58C77271D03AC0F00EFA2B7;
			productRefGroup = A58C77311D03AC0F00EFA2B7 /* Products */;
			projectDirPath = "";
			projectRoot = "";
			targets = (
				A58C772F1D03AC0F00EFA2B7 /* Camera App */,
				A58C77481D03AC0F00EFA2B7 /* Camera AppTests */,
				A58C77531D03AC0F00EFA2B7 /* Camera AppUITests */,
			);
		};
/* End PBXProject section */

/* Begin PBXResourcesBuildPhase section */
		A58C772E1D03AC0F00EFA2B7 /* Resources */ = {
			isa = PBXResourcesBuildPhase;
			buildActionMask = 2147483647;
			files = (
				A58C77431D03AC0F00EFA2B7 /* LaunchScreen.storyboard in Resources */,
				A58C77401D03AC0F00EFA2B7 /* Assets.xcassets in Resources */,
				A58C773E1D03AC0F00EFA2B7 /* Main.storyboard in Resources */,
			);
			runOnlyForDeploymentPostprocessing = 0;
		};
		A58C77471D03AC0F00EFA2B7 /* Resources */ = {
			isa = PBXResourcesBuildPhase;
			buildActionMask = 2147483647;
			files = (
			);
			runOnlyForDeploymentPostprocessing = 0;
		};
		A58C77521D03AC0F00EFA2B7 /* Resources */ = {
			isa = PBXResourcesBuildPhase;
			buildActionMask = 2147483647;
			files = (
			);
			runOnlyForDeploymentPostprocessing = 0;
		};
/* End PBXResourcesBuildPhase section */

/* Begin PBXSourcesBuildPhase section */
		A58C772C1D03AC0F00EFA2B7 /* Sources */ = {
			isa = PBXSourcesBuildPhase;
			buildActionMask = 2147483647;
			files = (
				A58C773B1D03AC0F00EFA2B7 /* ViewController.m in Sources */,
				A58C77381D03AC0F00EFA2B7 /* AppDelegate.m in Sources */,
				A58C77351D03AC0F00EFA2B7 /* main.m in Sources */,
			);
			runOnlyForDeploymentPostprocessing = 0;
		};
		A58C77451D03AC0F00EFA2B7 /* Sources */ = {
			isa = PBXSourcesBuildPhase;
			buildActionMask = 2147483647;
			files = (
				A58C774E1D03AC0F00EFA2B7 /* Camera_AppTests.m in Sources */,
			);
			runOnlyForDeploymentPostprocessing = 0;
		};
		A58C77501D03AC0F00EFA2B7 /* Sources */ = {
			isa = PBXSourcesBuildPhase;
			buildActionMask = 2147483647;
			files = (
				A58C77591D03AC0F00EFA2B7 /* Camera_AppUITests.m in Sources */,
			);
			runOnlyForDeploymentPostprocessing = 0;
		};
/* End PBXSourcesBuildPhase section */

/* Begin PBXTargetDependency section */
		A58C774B1D03AC0F00EFA2B7 /* PBXTargetDependency */ = {
			isa = PBXTargetDependency;
			target = A58C772F1D03AC0F00EFA2B7 /* Camera App */;
			targetProxy = A58C774A1D03AC0F00EFA2B7 /* PBXContainerItemProxy */;
		};
		A58C77561D03AC0F00EFA2B7 /* PBXTargetDependency */ = {
			isa = PBXTargetDependency;
			target = A58C772F1D03AC0F00EFA2B7 /* Camera App */;
			targetProxy = A58C77551D03AC0F00EFA2B7 /* PBXContainerItemProxy */;
		};
/* End PBXTargetDependency section */

/* Begin PBXVariantGroup section */
		A58C773C1D03AC0F00EFA2B7 /* Main.storyboard */ = {
			isa = PBXVariantGroup;
			children = (
				A58C773D1D03AC0F00EFA2B7 /* Base */,
			);
			name = Main.storyboard;
			sourceTree = "<group>";
		};
		A58C77411D03AC0F00EFA2B7 /* LaunchScreen.storyboard */ = {
			isa = PBXVariantGroup;
			children = (
				A58C77421D03AC0F00EFA2B7 /* Base */,
			);
			name = LaunchScreen.storyboard;
			sourceTree = "<group>";
		};
/* End PBXVariantGroup section */

/* Begin XCBuildConfiguration section */
		A58C775B1D03AC0F00EFA2B7 /* Debug */ = {
			isa = XCBuildConfiguration;
			buildSettings = {
				ALWAYS_SEARCH_USER_PATHS = NO;
				CLANG_ANALYZER_NONNULL = YES;
				CLANG_CXX_LANGUAGE_STANDARD = "gnu++0x";
				CLANG_CXX_LIBRARY = "libc++";
				CLANG_ENABLE_MODULES = YES;
				CLANG_ENABLE_OBJC_ARC = YES;
				CLANG_WARN_BOOL_CONVERSION = YES;
				CLANG_WARN_CONSTANT_CONVERSION = YES;
				CLANG_WARN_DIRECT_OBJC_ISA_USAGE = YES_ERROR;
				CLANG_WARN_EMPTY_BODY = YES;
				CLANG_WARN_ENUM_CONVERSION = YES;
				CLANG_WARN_INT_CONVERSION = YES;
				CLANG_WARN_OBJC_ROOT_CLASS = YES_ERROR;
				CLANG_WARN_UNREACHABLE_CODE = YES;
				CLANG_WARN__DUPLICATE_METHOD_MATCH = YES;
				"CODE_SIGN_IDENTITY[sdk=iphoneos*]" = "iPhone Developer";
				COPY_PHASE_STRIP = NO;
				DEBUG_INFORMATION_FORMAT = dwarf;
				ENABLE_STRICT_OBJC_MSGSEND = YES;
				ENABLE_TESTABILITY = YES;
				GCC_C_LANGUAGE_STANDARD = gnu99;
				GCC_DYNAMIC_NO_PIC = NO;
				GCC_NO_COMMON_BLOCKS = YES;
				GCC_OPTIMIZATION_LEVEL = 0;
				GCC_PREPROCESSOR_DEFINITIONS = (
					"DEBUG=1",
					"$(inherited)",
				);
				GCC_WARN_64_TO_32_BIT_CONVERSION = YES;
				GCC_WARN_ABOUT_RETURN_TYPE = YES_ERROR;
				GCC_WARN_UNDECLARED_SELECTOR = YES;
				GCC_WARN_UNINITIALIZED_AUTOS = YES_AGGRESSIVE;
				GCC_WARN_UNUSED_FUNCTION = YES;
				GCC_WARN_UNUSED_VARIABLE = YES;
				IPHONEOS_DEPLOYMENT_TARGET = 9.3;
				MTL_ENABLE_DEBUG_INFO = YES;
				ONLY_ACTIVE_ARCH = YES;
				SDKROOT = iphoneos;
				TARGETED_DEVICE_FAMILY = "1,2";
			};
			name = Debug;
		};
		A58C775C1D03AC0F00EFA2B7 /* Release */ = {
			isa = XCBuildConfiguration;
			buildSettings = {
				ALWAYS_SEARCH_USER_PATHS = NO;
				CLANG_ANALYZER_NONNULL = YES;
				CLANG_CXX_LANGUAGE_STANDARD = "gnu++0x";
				CLANG_CXX_LIBRARY = "libc++";
				CLANG_ENABLE_MODULES = YES;
				CLANG_ENABLE_OBJC_ARC = YES;
				CLANG_WARN_BOOL_CONVERSION = YES;
				CLANG_WARN_CONSTANT_CONVERSION = YES;
				CLANG_WARN_DIRECT_OBJC_ISA_USAGE = YES_ERROR;
				CLANG_WARN_EMPTY_BODY = YES;
				CLANG_WARN_ENUM_CONVERSION = YES;
				CLANG_WARN_INT_CONVERSION = YES;
				CLANG_WARN_OBJC_ROOT_CLASS = YES_ERROR;
				CLANG_WARN_UNREACHABLE_CODE = YES;
				CLANG_WARN__DUPLICATE_METHOD_MATCH = YES;
				"CODE_SIGN_IDENTITY[sdk=iphoneos*]" = "iPhone Developer";
				COPY_PHASE_STRIP = NO;
				DEBUG_INFORMATION_FORMAT = "dwarf-with-dsym";
				ENABLE_NS_ASSERTIONS = NO;
				ENABLE_STRICT_OBJC_MSGSEND = YES;
				GCC_C_LANGUAGE_STANDARD = gnu99;
				GCC_NO_COMMON_BLOCKS = YES;
				GCC_WARN_64_TO_32_BIT_CONVERSION = YES;
				GCC_WARN_ABOUT_RETURN_TYPE = YES_ERROR;
				GCC_WARN_UNDECLARED_SELECTOR = YES;
				GCC_WARN_UNINITIALIZED_AUTOS = YES_AGGRESSIVE;
				GCC_WARN_UNUSED_FUNCTION = YES;
				GCC_WARN_UNUSED_VARIABLE = YES;
				IPHONEOS_DEPLOYMENT_TARGET = 9.3;
				MTL_ENABLE_DEBUG_INFO = NO;
				SDKROOT = iphoneos;
				TARGETED_DEVICE_FAMILY = "1,2";
				VALIDATE_PRODUCT = YES;
			};
			name = Release;
		};
		A58C775E1D03AC0F00EFA2B7 /* Debug */ = {
			isa = XCBuildConfiguration;
			buildSettings = {
				ASSETCATALOG_COMPILER_APPICON_NAME = AppIcon;
				INFOPLIST_FILE = "Camera App/Info.plist";
				LD_RUNPATH_SEARCH_PATHS = "$(inherited) @executable_path/Frameworks";
				PRODUCT_BUNDLE_IDENTIFIER = "Info-Way.Camera-App";
				PRODUCT_NAME = "$(TARGET_NAME)";
			};
			name = Debug;
		};
		A58C775F1D03AC0F00EFA2B7 /* Release */ = {
			isa = XCBuildConfiguration;
			buildSettings = {
				ASSETCATALOG_COMPILER_APPICON_NAME = AppIcon;
				INFOPLIST_FILE = "Camera App/Info.plist";
				LD_RUNPATH_SEARCH_PATHS = "$(inherited) @executable_path/Frameworks";
				PRODUCT_BUNDLE_IDENTIFIER = "Info-Way.Camera-App";
				PRODUCT_NAME = "$(TARGET_NAME)";
			};
			name = Release;
		};
		A58C77611D03AC0F00EFA2B7 /* Debug */ = {
			isa = XCBuildConfiguration;
			buildSettings = {
				BUNDLE_LOADER = "$(TEST_HOST)";
				INFOPLIST_FILE = "Camera AppTests/Info.plist";
				LD_RUNPATH_SEARCH_PATHS = "$(inherited) @executable_path/Frameworks @loader_path/Frameworks";
				PRODUCT_BUNDLE_IDENTIFIER = "Info-Way.Camera-AppTests";
				PRODUCT_NAME = "$(TARGET_NAME)";
				TEST_HOST = "$(BUILT_PRODUCTS_DIR)/Camera App.app/Camera App";
			};
			name = Debug;
		};
		A58C77621D03AC0F00EFA2B7 /* Release */ = {
			isa = XCBuildConfiguration;
			buildSettings = {
				BUNDLE_LOADER = "$(TEST_HOST)";
				INFOPLIST_FILE = "Camera AppTests/Info.plist";
				LD_RUNPATH_SEARCH_PATHS = "$(inherited) @executable_path/Frameworks @loader_path/Frameworks";
				PRODUCT_BUNDLE_IDENTIFIER = "Info-Way.Camera-AppTests";
				PRODUCT_NAME = "$(TARGET_NAME)";
				TEST_HOST = "$(BUILT_PRODUCTS_DIR)/Camera App.app/Camera App";
			};
			name = Release;
		};
		A58C77641D03AC0F00EFA2B7 /* Debug */ = {
			isa = XCBuildConfiguration;
			buildSettings = {
				INFOPLIST_FILE = "Camera AppUITests/Info.plist";
				LD_RUNPATH_SEARCH_PATHS = "$(inherited) @executable_path/Frameworks @loader_path/Frameworks";
				PRODUCT_BUNDLE_IDENTIFIER = "Info-Way.Camera-AppUITests";
				PRODUCT_NAME = "$(TARGET_NAME)";
				TEST_TARGET_NAME = "Camera App";
			};
			name = Debug;
		};
		A58C77651D03AC0F00EFA2B7 /* Release */ = {
			isa = XCBuildConfiguration;
			buildSettings = {
				INFOPLIST_FILE = "Camera AppUITests/Info.plist";
				LD_RUNPATH_SEARCH_PATHS = "$(inherited) @executable_path/Frameworks @loader_path/Frameworks";
				PRODUCT_BUNDLE_IDENTIFIER = "Info-Way.Camera-AppUITests";
				PRODUCT_NAME = "$(TARGET_NAME)";
				TEST_TARGET_NAME = "Camera App";
			};
			name = Release;
		};
/* End XCBuildConfiguration section */

/* Begin XCConfigurationList section */
		A58C772B1D03AC0F00EFA2B7 /* Build configuration list for PBXProject "Camera App" */ = {
			isa = XCConfigurationList;
			buildConfigurations = (
				A58C775B1D03AC0F00EFA2B7 /* Debug */,
				A58C775C1D03AC0F00EFA2B7 /* Release */,
			);
			defaultConfigurationIsVisible = 0;
			defaultConfigurationName = Release;
		};
		A58C775D1D03AC0F00EFA2B7 /* Build configuration list for PBXNativeTarget "Camera App" */ = {
			isa = XCConfigurationList;
			buildConfigurations = (
				A58C775E1D03AC0F00EFA2B7 /* Debug */,
				A58C775F1D03AC0F00EFA2B7 /* Release */,
			);
			defaultConfigurationIsVisible = 0;
		};
		A58C77601D03AC0F00EFA2B7 /* Build configuration list for PBXNativeTarget "Camera AppTests" */ = {
			isa = XCConfigurationList;
			buildConfigurations = (
				A58C77611D03AC0F00EFA2B7 /* Debug */,
				A58C77621D03AC0F00EFA2B7 /* Release */,
			);
			defaultConfigurationIsVisible = 0;
		};
		A58C77631D03AC0F00EFA2B7 /* Build configuration list for PBXNativeTarget "Camera AppUITests" */ = {
			isa = XCConfigurationList;
			buildConfigurations = (
				A58C77641D03AC0F00EFA2B7 /* Debug */,
				A58C77651D03AC0F00EFA2B7 /* Release */,
			);
			defaultConfigurationIsVisible = 0;
		};
/* End XCConfigurationList section */
	};
	rootObject = A58C77281D03AC0F00EFA2B7 /* Project object */;
}
